
Microsoft Visual Studio Solution File, Format Version 12.00
# Visual Studio Version 17
VisualStudioVersion = 17.8.34330.188
MinimumVisualStudioVersion = 10.0.40219.1
Project("{9A19103F-16F7-4668-BE54-9A1E7A4F7556}") = "SimpleQueue", "SimpleQueue\SimpleQueue.csproj", "{6BA541A7-3BB3-45B9-A05F-BEB69D85C828}"
EndProject
Project("{9A19103F-16F7-4668-BE54-9A1E7A4F7556}") = "SimpleQueue.Domain", "SimpleQueue.Domain\SimpleQueue.Domain.csproj", "{DE50A800-D29C-4777-A3BC-F30094D92E50}"
EndProject
Project("{9A19103F-16F7-4668-BE54-9A1E7A4F7556}") = "SimpleQueue.Infrastructure", "SimpleQueue.Infrastructure\SimpleQueue.Infrastructure.csproj", "{34FEDA0F-DAB5-4FB7-8641-9F9C77870AE8}"
EndProject
Project("{9A19103F-16F7-4668-BE54-9A1E7A4F7556}") = "SimpleQueue.Persistence", "SimpleQueue.Persistence\SimpleQueue.Persistence.csproj", "{9C38A432-2AD6-455F-9D7D-3C04DE5E940D}"
EndProject
Project("{FAE04EC0-301F-11D3-BF4B-00C04F79EFBC}") = "SimpleQueue.Application", "SimpleQueue.Application\SimpleQueue.Application.csproj", "{A6AA5964-0E0C-4A30-9527-2FA55B94B258}"
EndProject
Global
	GlobalSection(SolutionConfigurationPlatforms) = preSolution
		Debug|Any CPU = Debug|Any CPU
		Release|Any CPU = Release|Any CPU
	EndGlobalSection
	GlobalSection(ProjectConfigurationPlatforms) = postSolution
		{6BA541A7-3BB3-45B9-A05F-BEB69D85C828}.Debug|Any CPU.ActiveCfg = Debug|Any CPU
		{6BA541A7-3BB3-45B9-A05F-BEB69D85C828}.Debug|Any CPU.Build.0 = Debug|Any CPU
		{6BA541A7-3BB3-45B9-A05F-BEB69D85C828}.Release|Any CPU.ActiveCfg = Release|Any CPU
		{6BA541A7-3BB3-45B9-A05F-BEB69D85C828}.Release|Any CPU.Build.0 = Release|Any CPU
		{DE50A800-D29C-4777-A3BC-F30094D92E50}.Debug|Any CPU.ActiveCfg = Debug|Any CPU
		{DE50A800-D29C-4777-A3BC-F30094D92E50}.Debug|Any CPU.Build.0 = Debug|Any CPU
		{DE50A800-D29C-4777-A3BC-F30094D92E50}.Release|Any CPU.ActiveCfg = Release|Any CPU
		{DE50A800-D29C-4777-A3BC-F30094D92E50}.Release|Any CPU.Build.0 = Release|Any CPU
		{34FEDA0F-DAB5-4FB7-8641-9F9C77870AE8}.Debug|Any CPU.ActiveCfg = Debug|Any CPU
		{34FEDA0F-DAB5-4FB7-8641-9F9C77870AE8}.Debug|Any CPU.Build.0 = Debug|Any CPU
		{34FEDA0F-DAB5-4FB7-8641-9F9C77870AE8}.Release|Any CPU.ActiveCfg = Release|Any CPU
		{34FEDA0F-DAB5-4FB7-8641-9F9C77870AE8}.Release|Any CPU.Build.0 = Release|Any CPU
		{9C38A432-2AD6-455F-9D7D-3C04DE5E940D}.Debug|Any CPU.ActiveCfg = Debug|Any CPU
		{9C38A432-2AD6-455F-9D7D-3C04DE5E940D}.Debug|Any CPU.Build.0 = Debug|Any CPU
		{9C38A432-2AD6-455F-9D7D-3C04DE5E940D}.Release|Any CPU.ActiveCfg = Release|Any CPU
		{9C38A432-2AD6-455F-9D7D-3C04DE5E940D}.Release|Any CPU.Build.0 = Release|Any CPU
		{A6AA5964-0E0C-4A30-9527-2FA55B94B258}.Debug|Any CPU.ActiveCfg = Debug|Any CPU
		{A6AA5964-0E0C-4A30-9527-2FA55B94B258}.Debug|Any CPU.Build.0 = Debug|Any CPU
		{A6AA5964-0E0C-4A30-9527-2FA55B94B258}.Release|Any CPU.ActiveCfg = Release|Any CPU
		{A6AA5964-0E0C-4A30-9527-2FA55B94B258}.Release|Any CPU.Build.0 = Release|Any CPU
	EndGlobalSection
	GlobalSection(SolutionProperties) = preSolution
		HideSolutionNode = FALSE
	EndGlobalSection
	GlobalSection(ExtensibilityGlobals) = postSolution
		SolutionGuid = {B5980675-2E2F-4E50-9977-FC80F01407CE}
	EndGlobalSection
EndGlobal
